
Microsoft Visual Studio Solution File, Format Version 12.00
# Visual Studio 15
VisualStudioVersion = 15.0.28307.960
MinimumVisualStudioVersion = 10.0.40219.1
Project("{8BC9CEB8-8B4A-11D0-8D11-00A0C91BC942}") = "SandBox", "SandBox\SandBox.vcxproj", "{A849A319-D0E5-42A2-A8BF-E8165607D386}"
EndProject
Project("{8BC9CEB8-8B4A-11D0-8D11-00A0C91BC942}") = "PEngine", "PEngine\PEngine.vcxproj", "{0B732071-3CB8-4FB6-8724-C04458C18FC8}"
EndProject
Global
	GlobalSection(SolutionConfigurationPlatforms) = preSolution
		Debug|x64 = Debug|x64
		Release|x64 = Release|x64
	EndGlobalSection
	GlobalSection(ProjectConfigurationPlatforms) = postSolution
		{0B732071-3CB8-4FB6-8724-C04458C18FC8}.Debug|x64.ActiveCfg = Debug|x64
		{0B732071-3CB8-4FB6-8724-C04458C18FC8}.Debug|x64.Build.0 = Debug|x64
		{0B732071-3CB8-4FB6-8724-C04458C18FC8}.Release|x64.ActiveCfg = Release|x64
		{0B732071-3CB8-4FB6-8724-C04458C18FC8}.Release|x64.Build.0 = Release|x64
		{A849A319-D0E5-42A2-A8BF-E8165607D386}.Debug|x64.ActiveCfg = Debug|x64
		{A849A319-D0E5-42A2-A8BF-E8165607D386}.Debug|x64.Build.0 = Debug|x64
		{A849A319-D0E5-42A2-A8BF-E8165607D386}.Release|x64.ActiveCfg = Release|x64
		{A849A319-D0E5-42A2-A8BF-E8165607D386}.Release|x64.Build.0 = Release|x64
	EndGlobalSection
	GlobalSection(SolutionProperties) = preSolution
		HideSolutionNode = FALSE
	EndGlobalSection
	GlobalSection(ExtensibilityGlobals) = postSolution
		SolutionGuid = {C365B9A0-C2C9-4C6B-AE18-2EA7747DD720}
	EndGlobalSection
EndGlobal
