<?xml version="1.0" encoding="utf-8"?>
<Project ToolsVersion="4.0" xmlns="http://schemas.microsoft.com/developer/msbuild/2003">
  <ItemGroup>
    <Filter Include="PEngine">
      <UniqueIdentifier>{CB5CE7BA-373C-6656-4054-F12CACB2CCB7}</UniqueIdentifier>
    </Filter>
    <Filter Include="PEngine\Events">
      <UniqueIdentifier>{4F56315D-3B24-2563-24B8-9589102501C8}</UniqueIdentifier>
    </Filter>
    <Filter Include="Platforms">
      <UniqueIdentifier>{DDACA145-4917-56BC-9255-0762FEFE3311}</UniqueIdentifier>
    </Filter>
    <Filter Include="Platforms\Windows">
      <UniqueIdentifier>{17E40808-83FA-069E-CC71-92BF38C7D725}</UniqueIdentifier>
    </Filter>
  </ItemGroup>
  <ItemGroup>
    <ClInclude Include="src\PEngine.h" />
    <ClInclude Include="src\PEngine\Application.h">
      <Filter>PEngine</Filter>
    </ClInclude>
    <ClInclude Include="src\PEngine\Core.h">
      <Filter>PEngine</Filter>
    </ClInclude>
    <ClInclude Include="src\PEngine\EntryPoint.h">
      <Filter>PEngine</Filter>
    </ClInclude>
    <ClInclude Include="src\PEngine\Events\ApplicationEvent.h">
      <Filter>PEngine\Events</Filter>
    </ClInclude>
    <ClInclude Include="src\PEngine\Events\Event.h">
      <Filter>PEngine\Events</Filter>
    </ClInclude>
    <ClInclude Include="src\PEngine\Events\KeyEvent.h">
      <Filter>PEngine\Events</Filter>
    </ClInclude>
    <ClInclude Include="src\PEngine\Events\MouseEvent.h">
      <Filter>PEngine\Events</Filter>
    </ClInclude>
    <ClInclude Include="src\PEngine\Layer.h">
      <Filter>PEngine</Filter>
    </ClInclude>
    <ClInclude Include="src\PEngine\LayerStack.h">
      <Filter>PEngine</Filter>
    </ClInclude>
    <ClInclude Include="src\PEngine\Log.h">
      <Filter>PEngine</Filter>
    </ClInclude>
    <ClInclude Include="src\PEngine\Window.h">
      <Filter>PEngine</Filter>
    </ClInclude>
    <ClInclude Include="src\Platforms\Windows\WindowsWindow.h">
      <Filter>Platforms\Windows</Filter>
    </ClInclude>
    <ClInclude Include="src\pepch.h" />
  </ItemGroup>
  <ItemGroup>
    <ClCompile Include="src\PEngine\Application.cpp">
      <Filter>PEngine</Filter>
    </ClCompile>
    <ClCompile Include="src\PEngine\Layer.cpp">
      <Filter>PEngine</Filter>
    </ClCompile>
    <ClCompile Include="src\PEngine\LayerStack.cpp">
      <Filter>PEngine</Filter>
    </ClCompile>
    <ClCompile Include="src\PEngine\Log.cpp">
      <Filter>PEngine</Filter>
    </ClCompile>
    <ClCompile Include="src\Platforms\Windows\WindowsWindow.cpp">
      <Filter>Platforms\Windows</Filter>
    </ClCompile>
    <ClCompile Include="src\pepch.cpp" />
  </ItemGroup>
</Project>